
Microsoft Visual Studio Solution File, Format Version 12.00
# Visual Studio Version 17
VisualStudioVersion = 17.8.34316.72
MinimumVisualStudioVersion = 10.0.40219.1
Project("{FAE04EC0-301F-11D3-BF4B-00C04F79EFBC}") = "ServerTCP", "SocketTCPandUDP\ServerTCP.csproj", "{5EB8CBB0-071F-48A5-BDCB-47CC859705A1}"
EndProject
Project("{FAE04EC0-301F-11D3-BF4B-00C04F79EFBC}") = "ClientTCP", "ClientTCP\ClientTCP.csproj", "{A1808675-D37F-4A5C-A9A2-AB5C04BAED9D}"
EndProject
Global
	GlobalSection(SolutionConfigurationPlatforms) = preSolution
		Debug|Any CPU = Debug|Any CPU
		Debug|x64 = Debug|x64
		Debug|x86 = Debug|x86
		Release|Any CPU = Release|Any CPU
		Release|x64 = Release|x64
		Release|x86 = Release|x86
	EndGlobalSection
	GlobalSection(ProjectConfigurationPlatforms) = postSolution
		{5EB8CBB0-071F-48A5-BDCB-47CC859705A1}.Debug|Any CPU.ActiveCfg = Debug|Any CPU
		{5EB8CBB0-071F-48A5-BDCB-47CC859705A1}.Debug|Any CPU.Build.0 = Debug|Any CPU
		{5EB8CBB0-071F-48A5-BDCB-47CC859705A1}.Debug|x64.ActiveCfg = Debug|Any CPU
		{5EB8CBB0-071F-48A5-BDCB-47CC859705A1}.Debug|x64.Build.0 = Debug|Any CPU
		{5EB8CBB0-071F-48A5-BDCB-47CC859705A1}.Debug|x86.ActiveCfg = Debug|Any CPU
		{5EB8CBB0-071F-48A5-BDCB-47CC859705A1}.Debug|x86.Build.0 = Debug|Any CPU
		{5EB8CBB0-071F-48A5-BDCB-47CC859705A1}.Release|Any CPU.ActiveCfg = Release|Any CPU
		{5EB8CBB0-071F-48A5-BDCB-47CC859705A1}.Release|Any CPU.Build.0 = Release|Any CPU
		{5EB8CBB0-071F-48A5-BDCB-47CC859705A1}.Release|x64.ActiveCfg = Release|Any CPU
		{5EB8CBB0-071F-48A5-BDCB-47CC859705A1}.Release|x64.Build.0 = Release|Any CPU
		{5EB8CBB0-071F-48A5-BDCB-47CC859705A1}.Release|x86.ActiveCfg = Release|Any CPU
		{5EB8CBB0-071F-48A5-BDCB-47CC859705A1}.Release|x86.Build.0 = Release|Any CPU
		{A1808675-D37F-4A5C-A9A2-AB5C04BAED9D}.Debug|Any CPU.ActiveCfg = Debug|Any CPU
		{A1808675-D37F-4A5C-A9A2-AB5C04BAED9D}.Debug|Any CPU.Build.0 = Debug|Any CPU
		{A1808675-D37F-4A5C-A9A2-AB5C04BAED9D}.Debug|x64.ActiveCfg = Debug|Any CPU
		{A1808675-D37F-4A5C-A9A2-AB5C04BAED9D}.Debug|x64.Build.0 = Debug|Any CPU
		{A1808675-D37F-4A5C-A9A2-AB5C04BAED9D}.Debug|x86.ActiveCfg = Debug|Any CPU
		{A1808675-D37F-4A5C-A9A2-AB5C04BAED9D}.Debug|x86.Build.0 = Debug|Any CPU
		{A1808675-D37F-4A5C-A9A2-AB5C04BAED9D}.Release|Any CPU.ActiveCfg = Release|Any CPU
		{A1808675-D37F-4A5C-A9A2-AB5C04BAED9D}.Release|Any CPU.Build.0 = Release|Any CPU
		{A1808675-D37F-4A5C-A9A2-AB5C04BAED9D}.Release|x64.ActiveCfg = Release|Any CPU
		{A1808675-D37F-4A5C-A9A2-AB5C04BAED9D}.Release|x64.Build.0 = Release|Any CPU
		{A1808675-D37F-4A5C-A9A2-AB5C04BAED9D}.Release|x86.ActiveCfg = Release|Any CPU
		{A1808675-D37F-4A5C-A9A2-AB5C04BAED9D}.Release|x86.Build.0 = Release|Any CPU
	EndGlobalSection
	GlobalSection(SolutionProperties) = preSolution
		HideSolutionNode = FALSE
	EndGlobalSection
	GlobalSection(ExtensibilityGlobals) = postSolution
		SolutionGuid = {1B875461-8FEB-4C53-9FEA-671F67FC34E3}
	EndGlobalSection
EndGlobal
